
Microsoft Visual Studio Solution File, Format Version 12.00
# Visual Studio Version 16
VisualStudioVersion = 16.0.31205.134
MinimumVisualStudioVersion = 10.0.40219.1
Project("{9A19103F-16F7-4668-BE54-9A1E7A4F7556}") = "RabbitMq.publisher", "RabbitMq.publisher\RabbitMq.publisher.csproj", "{8E4B7B48-7F25-4CF2-80B8-B4B9E674A311}"
EndProject
Project("{9A19103F-16F7-4668-BE54-9A1E7A4F7556}") = "RabbitMQ.subscriber", "RabbitMQ.subscriber\RabbitMQ.subscriber.csproj", "{340213EC-6972-4493-882A-9E84514C45F8}"
EndProject
Project("{9A19103F-16F7-4668-BE54-9A1E7A4F7556}") = "RabbitMQWeb.ExcelCreate", "RabbitMQWeb.ExcelCreate\RabbitMQWeb.ExcelCreate.csproj", "{3A245603-91E9-4E1D-A9A8-673ECF1A1FD7}"
EndProject
Project("{FAE04EC0-301F-11D3-BF4B-00C04F79EFBC}") = "Shared", "Shared\Shared.csproj", "{9C841E92-7D45-4683-89D2-EFF10DBF5EC0}"
EndProject
Project("{FAE04EC0-301F-11D3-BF4B-00C04F79EFBC}") = "FileCreateWorkerService", "FileCreateWorkerService\FileCreateWorkerService.csproj", "{A13205D1-D366-4315-8A8E-0D134581401F}"
EndProject
Global
	GlobalSection(SolutionConfigurationPlatforms) = preSolution
		Debug|Any CPU = Debug|Any CPU
		Release|Any CPU = Release|Any CPU
	EndGlobalSection
	GlobalSection(ProjectConfigurationPlatforms) = postSolution
		{8E4B7B48-7F25-4CF2-80B8-B4B9E674A311}.Debug|Any CPU.ActiveCfg = Debug|Any CPU
		{8E4B7B48-7F25-4CF2-80B8-B4B9E674A311}.Debug|Any CPU.Build.0 = Debug|Any CPU
		{8E4B7B48-7F25-4CF2-80B8-B4B9E674A311}.Release|Any CPU.ActiveCfg = Release|Any CPU
		{8E4B7B48-7F25-4CF2-80B8-B4B9E674A311}.Release|Any CPU.Build.0 = Release|Any CPU
		{340213EC-6972-4493-882A-9E84514C45F8}.Debug|Any CPU.ActiveCfg = Debug|Any CPU
		{340213EC-6972-4493-882A-9E84514C45F8}.Debug|Any CPU.Build.0 = Debug|Any CPU
		{340213EC-6972-4493-882A-9E84514C45F8}.Release|Any CPU.ActiveCfg = Release|Any CPU
		{340213EC-6972-4493-882A-9E84514C45F8}.Release|Any CPU.Build.0 = Release|Any CPU
		{3A245603-91E9-4E1D-A9A8-673ECF1A1FD7}.Debug|Any CPU.ActiveCfg = Debug|Any CPU
		{3A245603-91E9-4E1D-A9A8-673ECF1A1FD7}.Debug|Any CPU.Build.0 = Debug|Any CPU
		{3A245603-91E9-4E1D-A9A8-673ECF1A1FD7}.Release|Any CPU.ActiveCfg = Release|Any CPU
		{3A245603-91E9-4E1D-A9A8-673ECF1A1FD7}.Release|Any CPU.Build.0 = Release|Any CPU
		{9C841E92-7D45-4683-89D2-EFF10DBF5EC0}.Debug|Any CPU.ActiveCfg = Debug|Any CPU
		{9C841E92-7D45-4683-89D2-EFF10DBF5EC0}.Debug|Any CPU.Build.0 = Debug|Any CPU
		{9C841E92-7D45-4683-89D2-EFF10DBF5EC0}.Release|Any CPU.ActiveCfg = Release|Any CPU
		{9C841E92-7D45-4683-89D2-EFF10DBF5EC0}.Release|Any CPU.Build.0 = Release|Any CPU
		{A13205D1-D366-4315-8A8E-0D134581401F}.Debug|Any CPU.ActiveCfg = Debug|Any CPU
		{A13205D1-D366-4315-8A8E-0D134581401F}.Debug|Any CPU.Build.0 = Debug|Any CPU
		{A13205D1-D366-4315-8A8E-0D134581401F}.Release|Any CPU.ActiveCfg = Release|Any CPU
		{A13205D1-D366-4315-8A8E-0D134581401F}.Release|Any CPU.Build.0 = Release|Any CPU
	EndGlobalSection
	GlobalSection(SolutionProperties) = preSolution
		HideSolutionNode = FALSE
	EndGlobalSection
	GlobalSection(ExtensibilityGlobals) = postSolution
		SolutionGuid = {D194CFFD-7B8D-48A2-A028-BB9768339124}
	EndGlobalSection
EndGlobal
